
Microsoft Visual Studio Solution File, Format Version 12.00
# Visual Studio Version 17
VisualStudioVersion = 17.14.36109.1 d17.14
MinimumVisualStudioVersion = 10.0.40219.1
Project("{FAE04EC0-301F-11D3-BF4B-00C04F79EFBC}") = "VersenyKonzol", "VersenyKonzol\VersenyKonzol.csproj", "{CFF06FDD-F3C5-4DD4-ADB8-CB0DA103EDB1}"
EndProject
Project("{FAE04EC0-301F-11D3-BF4B-00C04F79EFBC}") = "VersenyzokGrafikus", "VersenyzokGrafikus\VersenyzokGrafikus.csproj", "{DF766B46-CB06-4AD3-B735-25F885E876C5}"
EndProject
Global
	GlobalSection(SolutionConfigurationPlatforms) = preSolution
		Debug|Any CPU = Debug|Any CPU
		Release|Any CPU = Release|Any CPU
	EndGlobalSection
	GlobalSection(ProjectConfigurationPlatforms) = postSolution
		{CFF06FDD-F3C5-4DD4-ADB8-CB0DA103EDB1}.Debug|Any CPU.ActiveCfg = Debug|Any CPU
		{CFF06FDD-F3C5-4DD4-ADB8-CB0DA103EDB1}.Debug|Any CPU.Build.0 = Debug|Any CPU
		{CFF06FDD-F3C5-4DD4-ADB8-CB0DA103EDB1}.Release|Any CPU.ActiveCfg = Release|Any CPU
		{CFF06FDD-F3C5-4DD4-ADB8-CB0DA103EDB1}.Release|Any CPU.Build.0 = Release|Any CPU
		{DF766B46-CB06-4AD3-B735-25F885E876C5}.Debug|Any CPU.ActiveCfg = Debug|Any CPU
		{DF766B46-CB06-4AD3-B735-25F885E876C5}.Debug|Any CPU.Build.0 = Debug|Any CPU
		{DF766B46-CB06-4AD3-B735-25F885E876C5}.Release|Any CPU.ActiveCfg = Release|Any CPU
		{DF766B46-CB06-4AD3-B735-25F885E876C5}.Release|Any CPU.Build.0 = Release|Any CPU
	EndGlobalSection
	GlobalSection(SolutionProperties) = preSolution
		HideSolutionNode = FALSE
	EndGlobalSection
	GlobalSection(ExtensibilityGlobals) = postSolution
		SolutionGuid = {9269B5CD-88A4-4263-9414-D1C9A8AB2621}
	EndGlobalSection
EndGlobal
