
Microsoft Visual Studio Solution File, Format Version 12.00
# Visual Studio Version 17
VisualStudioVersion = 17.14.36109.1 d17.14
MinimumVisualStudioVersion = 10.0.40219.1
Project("{FAE04EC0-301F-11D3-BF4B-00C04F79EFBC}") = "VersenyzokKonzol", "VersenyzokKonzol\VersenyzokKonzol.csproj", "{019B8A51-5363-48BD-A0F5-46D516ADD7DA}"
EndProject
Project("{FAE04EC0-301F-11D3-BF4B-00C04F79EFBC}") = "VersenyzokGrafikus", "VersenyzokGrafikus\VersenyzokGrafikus.csproj", "{23F54834-313F-4884-B164-778F4C83B594}"
EndProject
Global
	GlobalSection(SolutionConfigurationPlatforms) = preSolution
		Debug|Any CPU = Debug|Any CPU
		Release|Any CPU = Release|Any CPU
	EndGlobalSection
	GlobalSection(ProjectConfigurationPlatforms) = postSolution
		{019B8A51-5363-48BD-A0F5-46D516ADD7DA}.Debug|Any CPU.ActiveCfg = Debug|Any CPU
		{019B8A51-5363-48BD-A0F5-46D516ADD7DA}.Debug|Any CPU.Build.0 = Debug|Any CPU
		{019B8A51-5363-48BD-A0F5-46D516ADD7DA}.Release|Any CPU.ActiveCfg = Release|Any CPU
		{019B8A51-5363-48BD-A0F5-46D516ADD7DA}.Release|Any CPU.Build.0 = Release|Any CPU
		{23F54834-313F-4884-B164-778F4C83B594}.Debug|Any CPU.ActiveCfg = Debug|Any CPU
		{23F54834-313F-4884-B164-778F4C83B594}.Debug|Any CPU.Build.0 = Debug|Any CPU
		{23F54834-313F-4884-B164-778F4C83B594}.Release|Any CPU.ActiveCfg = Release|Any CPU
		{23F54834-313F-4884-B164-778F4C83B594}.Release|Any CPU.Build.0 = Release|Any CPU
	EndGlobalSection
	GlobalSection(SolutionProperties) = preSolution
		HideSolutionNode = FALSE
	EndGlobalSection
	GlobalSection(ExtensibilityGlobals) = postSolution
		SolutionGuid = {3B451775-DFE6-4D77-BE4E-CAD75CF833B7}
	EndGlobalSection
EndGlobal
